
Microsoft Visual Studio Solution File, Format Version 12.00
# Visual Studio Version 17
VisualStudioVersion = 17.0.31903.59
MinimumVisualStudioVersion = 10.0.40219.1
Project("{FAE04EC0-301F-11D3-BF4B-00C04F79EFBC}") = "Brimit.Silktide.Umbraco.Web", "Brimit.Silktide.Umbraco.Web\Brimit.Silktide.Umbraco.Web.csproj", "{A92E7F9D-6AD2-476A-9D5F-090A59733B98}"
EndProject
Project("{FAE04EC0-301F-11D3-BF4B-00C04F79EFBC}") = "Brimit.Silktide.Umbraco.Plugin", "Brimit.Silktide.Umbraco.Plugin\Brimit.Silktide.Umbraco.Plugin.csproj", "{557C133D-B1D3-499E-B544-A1588C3159A3}"
EndProject
Global
	GlobalSection(SolutionConfigurationPlatforms) = preSolution
		Debug|Any CPU = Debug|Any CPU
		Release|Any CPU = Release|Any CPU
	EndGlobalSection
	GlobalSection(SolutionProperties) = preSolution
		HideSolutionNode = FALSE
	EndGlobalSection
	GlobalSection(ProjectConfigurationPlatforms) = postSolution
		{A92E7F9D-6AD2-476A-9D5F-090A59733B98}.Debug|Any CPU.ActiveCfg = Debug|Any CPU
		{A92E7F9D-6AD2-476A-9D5F-090A59733B98}.Debug|Any CPU.Build.0 = Debug|Any CPU
		{A92E7F9D-6AD2-476A-9D5F-090A59733B98}.Release|Any CPU.ActiveCfg = Release|Any CPU
		{A92E7F9D-6AD2-476A-9D5F-090A59733B98}.Release|Any CPU.Build.0 = Release|Any CPU
		{557C133D-B1D3-499E-B544-A1588C3159A3}.Debug|Any CPU.ActiveCfg = Debug|Any CPU
		{557C133D-B1D3-499E-B544-A1588C3159A3}.Debug|Any CPU.Build.0 = Debug|Any CPU
		{557C133D-B1D3-499E-B544-A1588C3159A3}.Release|Any CPU.ActiveCfg = Release|Any CPU
		{557C133D-B1D3-499E-B544-A1588C3159A3}.Release|Any CPU.Build.0 = Release|Any CPU
	EndGlobalSection
EndGlobal
